{
  "name": "@nuxtjs/apollo",
  "version": "3.0.7",
  "lockfileVersion": 1,
  "requires": true,
  "dependencies": {
    "universal-isomorphic-fetch": {
      "version": "0.0.1",
      "resolved": "https://registry.npmjs.org/universal-isomorphic-fetch/-/universal-isomorphic-fetch-0.0.1.tgz",
      "integrity": "sha1-JAn83aOo18TW8peCBCxZxI889Oc="
    }
  }
}
