# THIS IS AN AUTOGENERATED FILE. DO NOT EDIT THIS FILE DIRECTLY.
# yarn lockfile v1


"@types/async@2.0.44":
  version "2.0.44"
  resolved "https://registry.yarnpkg.com/@types/async/-/async-2.0.44.tgz#e846150fd1f5a3243cec7c1f5bb49f58241092ee"

apollo-cache-inmemory@^1.0.0:
  version "1.0.0"
  resolved "https://registry.yarnpkg.com/apollo-cache-inmemory/-/apollo-cache-inmemory-1.0.0.tgz#5bff079d5b70402cd76ecc7c700851aa025d9993"
  dependencies:
    apollo-cache "^1.0.0"
    apollo-utilities "^1.0.0"
    graphql-anywhere "^4.0.0"

apollo-cache@^1.0.0:
  version "1.0.0"
  resolved "https://registry.yarnpkg.com/apollo-cache/-/apollo-cache-1.0.0.tgz#8579cf70073410b3594164a21c5afb847a8eed1f"
  dependencies:
    apollo-utilities "^1.0.0"

apollo-client@^2.0.1:
  version "2.0.1"
  resolved "https://registry.yarnpkg.com/apollo-client/-/apollo-client-2.0.1.tgz#7f50b5281ff53796f8548c35a85aa73a5d62b2a2"
  dependencies:
    apollo-cache "^1.0.0"
    apollo-link "1.0.0"
    apollo-link-dedup "1.0.0"
    apollo-utilities "^1.0.0"
    symbol-observable "^1.0.2"
  optionalDependencies:
    "@types/async" "2.0.44"

apollo-link-dedup@1.0.0:
  version "1.0.0"
  resolved "https://registry.yarnpkg.com/apollo-link-dedup/-/apollo-link-dedup-1.0.0.tgz#f0134ac495cc42e7e43dfafe7126645baa1e03bc"

apollo-link@1.0.0:
  version "1.0.0"
  resolved "https://registry.yarnpkg.com/apollo-link/-/apollo-link-1.0.0.tgz#3d334285789c217f95712ebce434d56ce7f3e991"
  dependencies:
    apollo-utilities "^0.2.0-beta.0"
    zen-observable "^0.6.0"

apollo-utilities@^0.2.0-beta.0:
  version "0.2.0-rc.3"
  resolved "https://registry.yarnpkg.com/apollo-utilities/-/apollo-utilities-0.2.0-rc.3.tgz#7bd93be0f587f20c5b46e21880272e305759fdc2"

apollo-utilities@^1.0.0:
  version "1.0.1"
  resolved "https://registry.yarnpkg.com/apollo-utilities/-/apollo-utilities-1.0.1.tgz#34b4df0bd6ed71d0afaa7c62489173dca5d07e92"

encoding@^0.1.11:
  version "0.1.12"
  resolved "https://registry.yarnpkg.com/encoding/-/encoding-0.1.12.tgz#538b66f3ee62cd1ab51ec323829d1f9480c74beb"
  dependencies:
    iconv-lite "~0.4.13"

graphql-anywhere@^4.0.0:
  version "4.0.0"
  resolved "https://registry.yarnpkg.com/graphql-anywhere/-/graphql-anywhere-4.0.0.tgz#4cf7ae7ed93aabeb95d329caa08c3867ddaef45e"
  dependencies:
    apollo-utilities "^1.0.0"

iconv-lite@~0.4.13:
  version "0.4.19"
  resolved "https://registry.yarnpkg.com/iconv-lite/-/iconv-lite-0.4.19.tgz#f7468f60135f5e5dad3399c0a81be9a1603a082b"

is-stream@^1.0.1:
  version "1.1.0"
  resolved "https://registry.yarnpkg.com/is-stream/-/is-stream-1.1.0.tgz#12d4a3dd4e68e0b79ceb8dbc84173ae80d91ca44"

isomorphic-fetch@^2.2.1:
  version "2.2.1"
  resolved "https://registry.yarnpkg.com/isomorphic-fetch/-/isomorphic-fetch-2.2.1.tgz#611ae1acf14f5e81f729507472819fe9733558a9"
  dependencies:
    node-fetch "^1.0.1"
    whatwg-fetch ">=0.10.0"

lodash.debounce@^4.0.8:
  version "4.0.8"
  resolved "https://registry.yarnpkg.com/lodash.debounce/-/lodash.debounce-4.0.8.tgz#82d79bff30a67c4005ffd5e2515300ad9ca4d7af"

lodash.omit@^4.5.0:
  version "4.5.0"
  resolved "https://registry.yarnpkg.com/lodash.omit/-/lodash.omit-4.5.0.tgz#6eb19ae5a1ee1dd9df0b969e66ce0b7fa30b5e60"

lodash.throttle@^4.1.1:
  version "4.1.1"
  resolved "https://registry.yarnpkg.com/lodash.throttle/-/lodash.throttle-4.1.1.tgz#c23e91b710242ac70c37f1e1cda9274cc39bf2f4"

node-fetch@^1.0.1:
  version "1.7.3"
  resolved "https://registry.yarnpkg.com/node-fetch/-/node-fetch-1.7.3.tgz#980f6f72d85211a5347c6b2bc18c5b84c3eb47ef"
  dependencies:
    encoding "^0.1.11"
    is-stream "^1.0.1"

symbol-observable@^1.0.2:
  version "1.0.4"
  resolved "https://registry.yarnpkg.com/symbol-observable/-/symbol-observable-1.0.4.tgz#29bf615d4aa7121bdd898b22d4b3f9bc4e2aa03d"

vue-apollo@^3.0.0-alpha.1:
  version "3.0.0-alpha.2"
  resolved "https://registry.yarnpkg.com/vue-apollo/-/vue-apollo-3.0.0-alpha.2.tgz#7456ac833a9c0e8fde8c7b76fcc1da20b09e7192"
  dependencies:
    lodash.debounce "^4.0.8"
    lodash.omit "^4.5.0"
    lodash.throttle "^4.1.1"

whatwg-fetch@>=0.10.0:
  version "2.0.3"
  resolved "https://registry.yarnpkg.com/whatwg-fetch/-/whatwg-fetch-2.0.3.tgz#9c84ec2dcf68187ff00bc64e1274b442176e1c84"

zen-observable@^0.6.0:
  version "0.6.0"
  resolved "https://registry.yarnpkg.com/zen-observable/-/zen-observable-0.6.0.tgz#8a6157ed15348d185d948cfc4a59d90a2c0f70ee"
