# THIS IS AN AUTOGENERATED FILE. DO NOT EDIT THIS FILE DIRECTLY.
# yarn lockfile v1


"@babel/runtime@^7.0.0-beta.38", "@babel/runtime@^7.0.0-beta.40":
  version "7.0.0-beta.49"
  resolved "https://registry.yarnpkg.com/@babel/runtime/-/runtime-7.0.0-beta.49.tgz#03b3bf07eb982072c8e851dd2ddd5110282e61bf"
  dependencies:
    core-js "^2.5.6"
    regenerator-runtime "^0.11.1"

"@types/async@2.0.49":
  version "2.0.49"
  resolved "https://registry.yarnpkg.com/@types/async/-/async-2.0.49.tgz#92e33d13f74c895cb9a7f38ba97db8431ed14bc0"

"@types/graphql@0.12.6":
  version "0.12.6"
  resolved "https://registry.yarnpkg.com/@types/graphql/-/graphql-0.12.6.tgz#3d619198585fcabe5f4e1adfb5cf5f3388c66c13"

"@types/zen-observable@^0.5.3":
  version "0.5.3"
  resolved "https://registry.yarnpkg.com/@types/zen-observable/-/zen-observable-0.5.3.tgz#91b728599544efbb7386d8b6633693a3c2e7ade5"

apollo-cache-inmemory@^1.2.2:
  version "1.2.2"
  resolved "https://registry.yarnpkg.com/apollo-cache-inmemory/-/apollo-cache-inmemory-1.2.2.tgz#051b1fec5b3cec1b348bd7ac9c713a72a0bba45b"
  dependencies:
    apollo-cache "^1.1.9"
    apollo-utilities "^1.0.13"
    graphql-anywhere "^4.1.11"

apollo-cache@^1.1.9:
  version "1.1.9"
  resolved "https://registry.yarnpkg.com/apollo-cache/-/apollo-cache-1.1.9.tgz#90426f25c43bc66ae02808af01194d78fd15ea40"
  dependencies:
    apollo-utilities "^1.0.13"

apollo-client@^2.3.2:
  version "2.3.2"
  resolved "https://registry.yarnpkg.com/apollo-client/-/apollo-client-2.3.2.tgz#0c4c06eba0aedc63d2d988f247a9310cb2152c2e"
  dependencies:
    "@types/zen-observable" "^0.5.3"
    apollo-cache "^1.1.9"
    apollo-link "^1.0.0"
    apollo-link-dedup "^1.0.0"
    apollo-utilities "^1.0.13"
    symbol-observable "^1.0.2"
    zen-observable "^0.8.0"
  optionalDependencies:
    "@types/async" "2.0.49"

apollo-link-context@^1.0.8:
  version "1.0.8"
  resolved "https://registry.yarnpkg.com/apollo-link-context/-/apollo-link-context-1.0.8.tgz#c967a56ac6ed32add748937735bcb57c5cc64c95"
  dependencies:
    apollo-link "^1.2.2"

apollo-link-dedup@^1.0.0:
  version "1.0.9"
  resolved "https://registry.yarnpkg.com/apollo-link-dedup/-/apollo-link-dedup-1.0.9.tgz#3c4e4af88ef027cbddfdb857c043fd0574051dad"
  dependencies:
    apollo-link "^1.2.2"

apollo-link-http-common@^0.2.3, apollo-link-http-common@^0.2.4:
  version "0.2.4"
  resolved "https://registry.yarnpkg.com/apollo-link-http-common/-/apollo-link-http-common-0.2.4.tgz#877603f7904dc8f70242cac61808b1f8d034b2c3"
  dependencies:
    apollo-link "^1.2.2"

apollo-link-http@^1.5.4:
  version "1.5.4"
  resolved "https://registry.yarnpkg.com/apollo-link-http/-/apollo-link-http-1.5.4.tgz#b80b7b4b342c655b6a5614624b076a36be368f43"
  dependencies:
    apollo-link "^1.2.2"
    apollo-link-http-common "^0.2.4"

apollo-link-persisted-queries@^0.2.0:
  version "0.2.0"
  resolved "https://registry.yarnpkg.com/apollo-link-persisted-queries/-/apollo-link-persisted-queries-0.2.0.tgz#3f970f1f07caabf050b18d5acc1aa6d058993339"
  dependencies:
    apollo-link "^1.2.1"
    hash.js "^1.1.3"

apollo-link-state@^0.4.1:
  version "0.4.1"
  resolved "https://registry.yarnpkg.com/apollo-link-state/-/apollo-link-state-0.4.1.tgz#65e9e0e12c67936b8c4b12b8438434f393104579"
  dependencies:
    apollo-utilities "^1.0.8"
    graphql-anywhere "^4.1.0-alpha.0"

apollo-link-ws@^1.0.8:
  version "1.0.8"
  resolved "https://registry.yarnpkg.com/apollo-link-ws/-/apollo-link-ws-1.0.8.tgz#ac1de8f29e92418728479a9a523af9f75b9ccc8b"
  dependencies:
    apollo-link "^1.2.2"

apollo-link@^1.0.0, apollo-link@^1.2.1, apollo-link@^1.2.2:
  version "1.2.2"
  resolved "https://registry.yarnpkg.com/apollo-link/-/apollo-link-1.2.2.tgz#54c84199b18ac1af8d63553a68ca389c05217a03"
  dependencies:
    "@types/graphql" "0.12.6"
    apollo-utilities "^1.0.0"
    zen-observable-ts "^0.8.9"

apollo-upload-client@^8.0.0:
  version "8.0.0"
  resolved "https://registry.yarnpkg.com/apollo-upload-client/-/apollo-upload-client-8.0.0.tgz#0067f3b426b3828f971964799bc31f8073bd0607"
  dependencies:
    "@babel/runtime" "^7.0.0-beta.40"
    apollo-link-http-common "^0.2.3"
    extract-files "^3.1.0"

apollo-utilities@^1.0.0, apollo-utilities@^1.0.13, apollo-utilities@^1.0.8:
  version "1.0.13"
  resolved "https://registry.yarnpkg.com/apollo-utilities/-/apollo-utilities-1.0.13.tgz#793c858bb42243f7254d3c2961c64a7158e51022"

async-limiter@~1.0.0:
  version "1.0.0"
  resolved "https://registry.yarnpkg.com/async-limiter/-/async-limiter-1.0.0.tgz#78faed8c3d074ab81f22b4e985d79e8738f720f8"

backo2@^1.0.2:
  version "1.0.2"
  resolved "https://registry.yarnpkg.com/backo2/-/backo2-1.0.2.tgz#31ab1ac8b129363463e35b3ebb69f4dfcfba7947"

core-js@^2.5.6:
  version "2.5.7"
  resolved "https://registry.yarnpkg.com/core-js/-/core-js-2.5.7.tgz#f972608ff0cead68b841a16a932d0b183791814e"

encoding@^0.1.11:
  version "0.1.12"
  resolved "https://registry.yarnpkg.com/encoding/-/encoding-0.1.12.tgz#538b66f3ee62cd1ab51ec323829d1f9480c74beb"
  dependencies:
    iconv-lite "~0.4.13"

eventemitter3@^2.0.3:
  version "2.0.3"
  resolved "https://registry.yarnpkg.com/eventemitter3/-/eventemitter3-2.0.3.tgz#b5e1079b59fb5e1ba2771c0a993be060a58c99ba"

extract-files@^3.1.0:
  version "3.1.0"
  resolved "https://registry.yarnpkg.com/extract-files/-/extract-files-3.1.0.tgz#b70424c9d4a1a4208efe22069388f428e4ae00f1"
  dependencies:
    "@babel/runtime" "^7.0.0-beta.38"

graphql-anywhere@^4.1.0-alpha.0, graphql-anywhere@^4.1.11:
  version "4.1.11"
  resolved "https://registry.yarnpkg.com/graphql-anywhere/-/graphql-anywhere-4.1.11.tgz#f91fa82e7e47275260957bb91f2fed5ecd508098"
  dependencies:
    apollo-utilities "^1.0.13"

hash.js@^1.1.3:
  version "1.1.3"
  resolved "https://registry.yarnpkg.com/hash.js/-/hash.js-1.1.3.tgz#340dedbe6290187151c1ea1d777a3448935df846"
  dependencies:
    inherits "^2.0.3"
    minimalistic-assert "^1.0.0"

iconv-lite@~0.4.13:
  version "0.4.19"
  resolved "https://registry.yarnpkg.com/iconv-lite/-/iconv-lite-0.4.19.tgz#f7468f60135f5e5dad3399c0a81be9a1603a082b"

inherits@^2.0.3:
  version "2.0.3"
  resolved "https://registry.yarnpkg.com/inherits/-/inherits-2.0.3.tgz#633c2c83e3da42a502f52466022480f4208261de"

is-stream@^1.0.1:
  version "1.1.0"
  resolved "https://registry.yarnpkg.com/is-stream/-/is-stream-1.1.0.tgz#12d4a3dd4e68e0b79ceb8dbc84173ae80d91ca44"

isomorphic-fetch@^2.2.1:
  version "2.2.1"
  resolved "https://registry.yarnpkg.com/isomorphic-fetch/-/isomorphic-fetch-2.2.1.tgz#611ae1acf14f5e81f729507472819fe9733558a9"
  dependencies:
    node-fetch "^1.0.1"
    whatwg-fetch ">=0.10.0"

iterall@^1.2.1:
  version "1.2.2"
  resolved "https://registry.yarnpkg.com/iterall/-/iterall-1.2.2.tgz#92d70deb8028e0c39ff3164fdbf4d8b088130cd7"

js-cookie@^2.2.0:
  version "2.2.0"
  resolved "https://registry.yarnpkg.com/js-cookie/-/js-cookie-2.2.0.tgz#1b2c279a6eece380a12168b92485265b35b1effb"

lodash.assign@^4.2.0:
  version "4.2.0"
  resolved "https://registry.yarnpkg.com/lodash.assign/-/lodash.assign-4.2.0.tgz#0d99f3ccd7a6d261d19bdaeb9245005d285808e7"

lodash.isobject@^3.0.2:
  version "3.0.2"
  resolved "https://registry.yarnpkg.com/lodash.isobject/-/lodash.isobject-3.0.2.tgz#3c8fb8d5b5bf4bf90ae06e14f2a530a4ed935e1d"

lodash.isstring@^4.0.1:
  version "4.0.1"
  resolved "https://registry.yarnpkg.com/lodash.isstring/-/lodash.isstring-4.0.1.tgz#d527dfb5456eca7cc9bb95d5daeaf88ba54a5451"

minimalistic-assert@^1.0.0:
  version "1.0.1"
  resolved "https://registry.yarnpkg.com/minimalistic-assert/-/minimalistic-assert-1.0.1.tgz#2e194de044626d4a10e7f7fbc00ce73e83e4d5c7"

node-fetch@^1.0.1:
  version "1.7.3"
  resolved "https://registry.yarnpkg.com/node-fetch/-/node-fetch-1.7.3.tgz#980f6f72d85211a5347c6b2bc18c5b84c3eb47ef"
  dependencies:
    encoding "^0.1.11"
    is-stream "^1.0.1"

regenerator-runtime@^0.11.1:
  version "0.11.1"
  resolved "https://registry.yarnpkg.com/regenerator-runtime/-/regenerator-runtime-0.11.1.tgz#be05ad7f9bf7d22e056f9726cee5017fbf19e2e9"

safe-buffer@~5.1.0:
  version "5.1.2"
  resolved "https://registry.yarnpkg.com/safe-buffer/-/safe-buffer-5.1.2.tgz#991ec69d296e0313747d59bdfd2b745c35f8828d"

subscriptions-transport-ws@^0.9.9:
  version "0.9.9"
  resolved "https://registry.yarnpkg.com/subscriptions-transport-ws/-/subscriptions-transport-ws-0.9.9.tgz#8a0bdc4c31df2e90e92901047fd8961deb138acc"
  dependencies:
    backo2 "^1.0.2"
    eventemitter3 "^2.0.3"
    iterall "^1.2.1"
    lodash.assign "^4.2.0"
    lodash.isobject "^3.0.2"
    lodash.isstring "^4.0.1"
    symbol-observable "^1.0.4"
    ws "^3.0.0"

symbol-observable@^1.0.2, symbol-observable@^1.0.4:
  version "1.2.0"
  resolved "https://registry.yarnpkg.com/symbol-observable/-/symbol-observable-1.2.0.tgz#c22688aed4eab3cdc2dfeacbb561660560a00804"

throttle-debounce@^1.0.1:
  version "1.0.1"
  resolved "https://registry.yarnpkg.com/throttle-debounce/-/throttle-debounce-1.0.1.tgz#dad0fe130f9daf3719fdea33dc36a8e6ba7f30b5"

ultron@~1.1.0:
  version "1.1.1"
  resolved "https://registry.yarnpkg.com/ultron/-/ultron-1.1.1.tgz#9fe1536a10a664a65266a1e3ccf85fd36302bc9c"

vue-apollo@^3.0.0-beta.16:
  version "3.0.0-beta.16"
  resolved "https://registry.yarnpkg.com/vue-apollo/-/vue-apollo-3.0.0-beta.16.tgz#6624629ef5c96fc1bdecb745d97fc2998895b16a"
  dependencies:
    throttle-debounce "^1.0.1"

webpack-node-externals@^1.7.2:
  version "1.7.2"
  resolved "https://registry.yarnpkg.com/webpack-node-externals/-/webpack-node-externals-1.7.2.tgz#6e1ee79ac67c070402ba700ef033a9b8d52ac4e3"

whatwg-fetch@>=0.10.0:
  version "2.0.3"
  resolved "https://registry.yarnpkg.com/whatwg-fetch/-/whatwg-fetch-2.0.3.tgz#9c84ec2dcf68187ff00bc64e1274b442176e1c84"

ws@^3.0.0:
  version "3.3.3"
  resolved "https://registry.yarnpkg.com/ws/-/ws-3.3.3.tgz#f1cf84fe2d5e901ebce94efaece785f187a228f2"
  dependencies:
    async-limiter "~1.0.0"
    safe-buffer "~5.1.0"
    ultron "~1.1.0"

zen-observable-ts@^0.8.9:
  version "0.8.9"
  resolved "https://registry.yarnpkg.com/zen-observable-ts/-/zen-observable-ts-0.8.9.tgz#d3c97af08c0afdca37ebcadf7cc3ee96bda9bab1"
  dependencies:
    zen-observable "^0.8.0"

zen-observable@^0.8.0:
  version "0.8.8"
  resolved "https://registry.yarnpkg.com/zen-observable/-/zen-observable-0.8.8.tgz#1ea93995bf098754a58215a1e0a7309e5749ec42"
